// !$*UTF8*$!
{
	archiveVersion = 1;
	classes = {
	};
	objectVersion = 56;
	objects = {

/* Begin PBXBuildFile section */
		1B0E866A29D97BD000E303D9 /* GotApp.swift in Sources */ = {isa = PBXBuildFile; fileRef = 1B0E866929D97BD000E303D9 /* GotApp.swift */; };
		1B0E866C29D97BD000E303D9 /* ContentView.swift in Sources */ = {isa = PBXBuildFile; fileRef = 1B0E866B29D97BD000E303D9 /* ContentView.swift */; };
		1B0E866E29D97BD200E303D9 /* Assets.xcassets in Resources */ = {isa = PBXBuildFile; fileRef = 1B0E866D29D97BD200E303D9 /* Assets.xcassets */; };
		1B0E867129D97BD200E303D9 /* Preview Assets.xcassets in Resources */ = {isa = PBXBuildFile; fileRef = 1B0E867029D97BD200E303D9 /* Preview Assets.xcassets */; };
		1B3B626B29DD853B003753AD /* CharacterDetailView.swift in Sources */ = {isa = PBXBuildFile; fileRef = 1B3B626A29DD853B003753AD /* CharacterDetailView.swift */; };
		1B3B626D29DDA215003753AD /* CharacterListView.swift in Sources */ = {isa = PBXBuildFile; fileRef = 1B3B626C29DDA215003753AD /* CharacterListView.swift */; };
		1B3B626F29DDAE77003753AD /* ListSwiftUIView.swift in Sources */ = {isa = PBXBuildFile; fileRef = 1B3B626E29DDAE77003753AD /* ListSwiftUIView.swift */; };
		1B3B627129DDB2F8003753AD /* BranchSwiftUIView.swift in Sources */ = {isa = PBXBuildFile; fileRef = 1B3B627029DDB2F8003753AD /* BranchSwiftUIView.swift */; };
		1B3B627329DDB5B5003753AD /* MemberSwiftUIView.swift in Sources */ = {isa = PBXBuildFile; fileRef = 1B3B627229DDB5B5003753AD /* MemberSwiftUIView.swift */; };
		1B3C5B9429E9713E00400F6B /* GotTests.swift in Sources */ = {isa = PBXBuildFile; fileRef = 1B3C5B9329E9713E00400F6B /* GotTests.swift */; };
		1B3C5B9A29E972AF00400F6B /* HouseModel.swift in Sources */ = {isa = PBXBuildFile; fileRef = 1B6AAA5229E47E9900DF5D28 /* HouseModel.swift */; };
		1B3C5B9B29EC155A00400F6B /* BookModel.swift in Sources */ = {isa = PBXBuildFile; fileRef = 1B5F4C0129E5EDDA00A7050A /* BookModel.swift */; };
		1B3C5B9C29EC155F00400F6B /* CharacterModel.swift in Sources */ = {isa = PBXBuildFile; fileRef = 1B5F4C0929E6889600A7050A /* CharacterModel.swift */; };
		1B3C5B9D29EC19B700400F6B /* GotHouse.swift in Sources */ = {isa = PBXBuildFile; fileRef = 1B6AAA5629E48CB200DF5D28 /* GotHouse.swift */; };
		1B3C5B9E29EC19CD00400F6B /* GotCharacter.swift in Sources */ = {isa = PBXBuildFile; fileRef = 1B5F4C0B29E6894700A7050A /* GotCharacter.swift */; };
		1B3C5B9F29EC19D600400F6B /* Book.swift in Sources */ = {isa = PBXBuildFile; fileRef = 1B5F4BFF29E5E5B000A7050A /* Book.swift */; };
		1B3C5BA029EC1E8600400F6B /* House.swift in Sources */ = {isa = PBXBuildFile; fileRef = 1BEEB0A129DC5629009F98E0 /* House.swift */; };
		1B5F4C0029E5E5B000A7050A /* Book.swift in Sources */ = {isa = PBXBuildFile; fileRef = 1B5F4BFF29E5E5B000A7050A /* Book.swift */; };
		1B5F4C0229E5EDDA00A7050A /* BookModel.swift in Sources */ = {isa = PBXBuildFile; fileRef = 1B5F4C0129E5EDDA00A7050A /* BookModel.swift */; };
		1B5F4C0429E5F35200A7050A /* BooksSwiftUIView.swift in Sources */ = {isa = PBXBuildFile; fileRef = 1B5F4C0329E5F35200A7050A /* BooksSwiftUIView.swift */; };
		1B5F4C0629E5FA8D00A7050A /* BookDetailSwiftUIView.swift in Sources */ = {isa = PBXBuildFile; fileRef = 1B5F4C0529E5FA8D00A7050A /* BookDetailSwiftUIView.swift */; };
		1B5F4C0829E610EC00A7050A /* CharactersSwiftUIView.swift in Sources */ = {isa = PBXBuildFile; fileRef = 1B5F4C0729E610EC00A7050A /* CharactersSwiftUIView.swift */; };
		1B5F4C0A29E6889600A7050A /* CharacterModel.swift in Sources */ = {isa = PBXBuildFile; fileRef = 1B5F4C0929E6889600A7050A /* CharacterModel.swift */; };
		1B5F4C0C29E6894700A7050A /* GotCharacter.swift in Sources */ = {isa = PBXBuildFile; fileRef = 1B5F4C0B29E6894700A7050A /* GotCharacter.swift */; };
		1B6AAA5129E479CF00DF5D28 /* NavSwiftUIView.swift in Sources */ = {isa = PBXBuildFile; fileRef = 1B6AAA5029E479CF00DF5D28 /* NavSwiftUIView.swift */; };
		1B6AAA5329E47E9900DF5D28 /* HouseModel.swift in Sources */ = {isa = PBXBuildFile; fileRef = 1B6AAA5229E47E9900DF5D28 /* HouseModel.swift */; };
		1B6AAA5529E47FFC00DF5D28 /* HousesSwiftUIView.swift in Sources */ = {isa = PBXBuildFile; fileRef = 1B6AAA5429E47FFC00DF5D28 /* HousesSwiftUIView.swift */; };
		1B6AAA5729E48CB200DF5D28 /* GotHouse.swift in Sources */ = {isa = PBXBuildFile; fileRef = 1B6AAA5629E48CB200DF5D28 /* GotHouse.swift */; };
		1B6AAA5929E4AB5600DF5D28 /* GotHouseDetailSwiftUIView.swift in Sources */ = {isa = PBXBuildFile; fileRef = 1B6AAA5829E4AB5600DF5D28 /* GotHouseDetailSwiftUIView.swift */; };
		1BEEB09C29DC3355009F98E0 /* CustomButton.swift in Sources */ = {isa = PBXBuildFile; fileRef = 1BEEB09B29DC3355009F98E0 /* CustomButton.swift */; };
		1BEEB09E29DC481A009F98E0 /* HouseListView.swift in Sources */ = {isa = PBXBuildFile; fileRef = 1BEEB09D29DC481A009F98E0 /* HouseListView.swift */; };
		1BEEB0A229DC5629009F98E0 /* House.swift in Sources */ = {isa = PBXBuildFile; fileRef = 1BEEB0A129DC5629009F98E0 /* House.swift */; };
		1BEEB0A429DC5CBD009F98E0 /* HouseDetailView.swift in Sources */ = {isa = PBXBuildFile; fileRef = 1BEEB0A329DC5CBD009F98E0 /* HouseDetailView.swift */; };
/* End PBXBuildFile section */

/* Begin PBXContainerItemProxy section */
		1B3C5B9529E9713E00400F6B /* PBXContainerItemProxy */ = {
			isa = PBXContainerItemProxy;
			containerPortal = 1B0E865E29D97BD000E303D9 /* Project object */;
			proxyType = 1;
			remoteGlobalIDString = 1B0E866529D97BD000E303D9;
			remoteInfo = Got;
		};
/* End PBXContainerItemProxy section */

/* Begin PBXFileReference section */
		1B0E866629D97BD000E303D9 /* Got.app */ = {isa = PBXFileReference; explicitFileType = wrapper.application; includeInIndex = 0; path = Got.app; sourceTree = BUILT_PRODUCTS_DIR; };
		1B0E866929D97BD000E303D9 /* GotApp.swift */ = {isa = PBXFileReference; lastKnownFileType = sourcecode.swift; path = GotApp.swift; sourceTree = "<group>"; };
		1B0E866B29D97BD000E303D9 /* ContentView.swift */ = {isa = PBXFileReference; lastKnownFileType = sourcecode.swift; path = ContentView.swift; sourceTree = "<group>"; };
		1B0E866D29D97BD200E303D9 /* Assets.xcassets */ = {isa = PBXFileReference; lastKnownFileType = folder.assetcatalog; path = Assets.xcassets; sourceTree = "<group>"; };
		1B0E867029D97BD200E303D9 /* Preview Assets.xcassets */ = {isa = PBXFileReference; lastKnownFileType = folder.assetcatalog; path = "Preview Assets.xcassets"; sourceTree = "<group>"; };
		1B3B626A29DD853B003753AD /* CharacterDetailView.swift */ = {isa = PBXFileReference; lastKnownFileType = sourcecode.swift; path = CharacterDetailView.swift; sourceTree = "<group>"; };
		1B3B626C29DDA215003753AD /* CharacterListView.swift */ = {isa = PBXFileReference; lastKnownFileType = sourcecode.swift; path = CharacterListView.swift; sourceTree = "<group>"; };
		1B3B626E29DDAE77003753AD /* ListSwiftUIView.swift */ = {isa = PBXFileReference; lastKnownFileType = sourcecode.swift; path = ListSwiftUIView.swift; sourceTree = "<group>"; };
		1B3B627029DDB2F8003753AD /* BranchSwiftUIView.swift */ = {isa = PBXFileReference; lastKnownFileType = sourcecode.swift; path = BranchSwiftUIView.swift; sourceTree = "<group>"; };
		1B3B627229DDB5B5003753AD /* MemberSwiftUIView.swift */ = {isa = PBXFileReference; lastKnownFileType = sourcecode.swift; path = MemberSwiftUIView.swift; sourceTree = "<group>"; };
		1B3C5B9129E9713E00400F6B /* GotTests.xctest */ = {isa = PBXFileReference; explicitFileType = wrapper.cfbundle; includeInIndex = 0; path = GotTests.xctest; sourceTree = BUILT_PRODUCTS_DIR; };
		1B3C5B9329E9713E00400F6B /* GotTests.swift */ = {isa = PBXFileReference; lastKnownFileType = sourcecode.swift; path = GotTests.swift; sourceTree = "<group>"; };
		1B5F4BFF29E5E5B000A7050A /* Book.swift */ = {isa = PBXFileReference; lastKnownFileType = sourcecode.swift; path = Book.swift; sourceTree = "<group>"; };
		1B5F4C0129E5EDDA00A7050A /* BookModel.swift */ = {isa = PBXFileReference; lastKnownFileType = sourcecode.swift; path = BookModel.swift; sourceTree = "<group>"; };
		1B5F4C0329E5F35200A7050A /* BooksSwiftUIView.swift */ = {isa = PBXFileReference; lastKnownFileType = sourcecode.swift; path = BooksSwiftUIView.swift; sourceTree = "<group>"; };
		1B5F4C0529E5FA8D00A7050A /* BookDetailSwiftUIView.swift */ = {isa = PBXFileReference; lastKnownFileType = sourcecode.swift; path = BookDetailSwiftUIView.swift; sourceTree = "<group>"; };
		1B5F4C0729E610EC00A7050A /* CharactersSwiftUIView.swift */ = {isa = PBXFileReference; lastKnownFileType = sourcecode.swift; path = CharactersSwiftUIView.swift; sourceTree = "<group>"; };
		1B5F4C0929E6889600A7050A /* CharacterModel.swift */ = {isa = PBXFileReference; lastKnownFileType = sourcecode.swift; path = CharacterModel.swift; sourceTree = "<group>"; };
		1B5F4C0B29E6894700A7050A /* GotCharacter.swift */ = {isa = PBXFileReference; lastKnownFileType = sourcecode.swift; path = GotCharacter.swift; sourceTree = "<group>"; };
		1B6AAA5029E479CF00DF5D28 /* NavSwiftUIView.swift */ = {isa = PBXFileReference; lastKnownFileType = sourcecode.swift; path = NavSwiftUIView.swift; sourceTree = "<group>"; };
		1B6AAA5229E47E9900DF5D28 /* HouseModel.swift */ = {isa = PBXFileReference; lastKnownFileType = sourcecode.swift; path = HouseModel.swift; sourceTree = "<group>"; };
		1B6AAA5429E47FFC00DF5D28 /* HousesSwiftUIView.swift */ = {isa = PBXFileReference; lastKnownFileType = sourcecode.swift; path = HousesSwiftUIView.swift; sourceTree = "<group>"; };
		1B6AAA5629E48CB200DF5D28 /* GotHouse.swift */ = {isa = PBXFileReference; lastKnownFileType = sourcecode.swift; path = GotHouse.swift; sourceTree = "<group>"; };
		1B6AAA5829E4AB5600DF5D28 /* GotHouseDetailSwiftUIView.swift */ = {isa = PBXFileReference; lastKnownFileType = sourcecode.swift; path = GotHouseDetailSwiftUIView.swift; sourceTree = "<group>"; };
		1BEEB09B29DC3355009F98E0 /* CustomButton.swift */ = {isa = PBXFileReference; lastKnownFileType = sourcecode.swift; path = CustomButton.swift; sourceTree = "<group>"; };
		1BEEB09D29DC481A009F98E0 /* HouseListView.swift */ = {isa = PBXFileReference; lastKnownFileType = sourcecode.swift; path = HouseListView.swift; sourceTree = "<group>"; };
		1BEEB0A129DC5629009F98E0 /* House.swift */ = {isa = PBXFileReference; lastKnownFileType = sourcecode.swift; path = House.swift; sourceTree = "<group>"; };
		1BEEB0A329DC5CBD009F98E0 /* HouseDetailView.swift */ = {isa = PBXFileReference; lastKnownFileType = sourcecode.swift; path = HouseDetailView.swift; sourceTree = "<group>"; };
/* End PBXFileReference section */

/* Begin PBXFrameworksBuildPhase section */
		1B0E866329D97BD000E303D9 /* Frameworks */ = {
			isa = PBXFrameworksBuildPhase;
			buildActionMask = 2147483647;
			files = (
			);
			runOnlyForDeploymentPostprocessing = 0;
		};
		1B3C5B8E29E9713E00400F6B /* Frameworks */ = {
			isa = PBXFrameworksBuildPhase;
			buildActionMask = 2147483647;
			files = (
			);
			runOnlyForDeploymentPostprocessing = 0;
		};
/* End PBXFrameworksBuildPhase section */

/* Begin PBXGroup section */
		1B0E865D29D97BD000E303D9 = {
			isa = PBXGroup;
			children = (
				1B0E866829D97BD000E303D9 /* Got */,
				1B3C5B9229E9713E00400F6B /* GotTests */,
				1B0E866729D97BD000E303D9 /* Products */,
			);
			sourceTree = "<group>";
		};
		1B0E866729D97BD000E303D9 /* Products */ = {
			isa = PBXGroup;
			children = (
				1B0E866629D97BD000E303D9 /* Got.app */,
				1B3C5B9129E9713E00400F6B /* GotTests.xctest */,
			);
			name = Products;
			sourceTree = "<group>";
		};
		1B0E866829D97BD000E303D9 /* Got */ = {
			isa = PBXGroup;
			children = (
				1B6AAA4F29E470F900DF5D28 /* UI */,
				1B6AAA4E29E4709A00DF5D28 /* Character */,
				1B6AAA4D29E4708300DF5D28 /* Book */,
				1B6AAA4C29E4707800DF5D28 /* House */,
				1B0E866929D97BD000E303D9 /* GotApp.swift */,
				1B0E866B29D97BD000E303D9 /* ContentView.swift */,
				1B6AAA5029E479CF00DF5D28 /* NavSwiftUIView.swift */,
				1B0E866D29D97BD200E303D9 /* Assets.xcassets */,
				1B0E866F29D97BD200E303D9 /* Preview Content */,
			);
			path = Got;
			sourceTree = "<group>";
		};
		1B0E866F29D97BD200E303D9 /* Preview Content */ = {
			isa = PBXGroup;
			children = (
				1B0E867029D97BD200E303D9 /* Preview Assets.xcassets */,
			);
			path = "Preview Content";
			sourceTree = "<group>";
		};
		1B3C5B9229E9713E00400F6B /* GotTests */ = {
			isa = PBXGroup;
			children = (
				1B3C5B9329E9713E00400F6B /* GotTests.swift */,
			);
			path = GotTests;
			sourceTree = "<group>";
		};
		1B6AAA4C29E4707800DF5D28 /* House */ = {
			isa = PBXGroup;
			children = (
				1B6AAA5229E47E9900DF5D28 /* HouseModel.swift */,
				1B3B627029DDB2F8003753AD /* BranchSwiftUIView.swift */,
				1BEEB0A129DC5629009F98E0 /* House.swift */,
				1BEEB09D29DC481A009F98E0 /* HouseListView.swift */,
				1BEEB0A329DC5CBD009F98E0 /* HouseDetailView.swift */,
				1B6AAA5829E4AB5600DF5D28 /* GotHouseDetailSwiftUIView.swift */,
				1B6AAA5429E47FFC00DF5D28 /* HousesSwiftUIView.swift */,
				1B6AAA5629E48CB200DF5D28 /* GotHouse.swift */,
			);
			path = House;
			sourceTree = "<group>";
		};
		1B6AAA4D29E4708300DF5D28 /* Book */ = {
			isa = PBXGroup;
			children = (
				1B5F4BFF29E5E5B000A7050A /* Book.swift */,
				1B5F4C0129E5EDDA00A7050A /* BookModel.swift */,
				1B5F4C0329E5F35200A7050A /* BooksSwiftUIView.swift */,
				1B5F4C0529E5FA8D00A7050A /* BookDetailSwiftUIView.swift */,
			);
			path = Book;
			sourceTree = "<group>";
		};
		1B6AAA4E29E4709A00DF5D28 /* Character */ = {
			isa = PBXGroup;
			children = (
				1B3B627229DDB5B5003753AD /* MemberSwiftUIView.swift */,
				1B3B626A29DD853B003753AD /* CharacterDetailView.swift */,
				1B3B626C29DDA215003753AD /* CharacterListView.swift */,
				1B5F4C0729E610EC00A7050A /* CharactersSwiftUIView.swift */,
				1B5F4C0929E6889600A7050A /* CharacterModel.swift */,
				1B5F4C0B29E6894700A7050A /* GotCharacter.swift */,
			);
			path = Character;
			sourceTree = "<group>";
		};
		1B6AAA4F29E470F900DF5D28 /* UI */ = {
			isa = PBXGroup;
			children = (
				1B3B626E29DDAE77003753AD /* ListSwiftUIView.swift */,
				1BEEB09B29DC3355009F98E0 /* CustomButton.swift */,
			);
			path = UI;
			sourceTree = "<group>";
		};
/* End PBXGroup section */

/* Begin PBXNativeTarget section */
		1B0E866529D97BD000E303D9 /* Got */ = {
			isa = PBXNativeTarget;
			buildConfigurationList = 1B0E867429D97BD200E303D9 /* Build configuration list for PBXNativeTarget "Got" */;
			buildPhases = (
				1B0E866229D97BD000E303D9 /* Sources */,
				1B0E866329D97BD000E303D9 /* Frameworks */,
				1B0E866429D97BD000E303D9 /* Resources */,
			);
			buildRules = (
			);
			dependencies = (
			);
			name = Got;
			productName = Got;
			productReference = 1B0E866629D97BD000E303D9 /* Got.app */;
			productType = "com.apple.product-type.application";
		};
		1B3C5B9029E9713E00400F6B /* GotTests */ = {
			isa = PBXNativeTarget;
			buildConfigurationList = 1B3C5B9929E9713E00400F6B /* Build configuration list for PBXNativeTarget "GotTests" */;
			buildPhases = (
				1B3C5B8D29E9713E00400F6B /* Sources */,
				1B3C5B8E29E9713E00400F6B /* Frameworks */,
				1B3C5B8F29E9713E00400F6B /* Resources */,
			);
			buildRules = (
			);
			dependencies = (
				1B3C5B9629E9713E00400F6B /* PBXTargetDependency */,
			);
			name = GotTests;
			productName = GotTests;
			productReference = 1B3C5B9129E9713E00400F6B /* GotTests.xctest */;
			productType = "com.apple.product-type.bundle.unit-test";
		};
/* End PBXNativeTarget section */

/* Begin PBXProject section */
		1B0E865E29D97BD000E303D9 /* Project object */ = {
			isa = PBXProject;
			attributes = {
				BuildIndependentTargetsInParallel = 1;
				LastSwiftUpdateCheck = 1420;
				LastUpgradeCheck = 1420;
				TargetAttributes = {
					1B0E866529D97BD000E303D9 = {
						CreatedOnToolsVersion = 14.2;
					};
					1B3C5B9029E9713E00400F6B = {
						CreatedOnToolsVersion = 14.2;
						TestTargetID = 1B0E866529D97BD000E303D9;
					};
				};
			};
			buildConfigurationList = 1B0E866129D97BD000E303D9 /* Build configuration list for PBXProject "Got" */;
			compatibilityVersion = "Xcode 14.0";
			developmentRegion = en;
			hasScannedForEncodings = 0;
			knownRegions = (
				en,
				Base,
			);
			mainGroup = 1B0E865D29D97BD000E303D9;
			productRefGroup = 1B0E866729D97BD000E303D9 /* Products */;
			projectDirPath = "";
			projectRoot = "";
			targets = (
				1B0E866529D97BD000E303D9 /* Got */,
				1B3C5B9029E9713E00400F6B /* GotTests */,
			);
		};
/* End PBXProject section */

/* Begin PBXResourcesBuildPhase section */
		1B0E866429D97BD000E303D9 /* Resources */ = {
			isa = PBXResourcesBuildPhase;
			buildActionMask = 2147483647;
			files = (
				1B0E867129D97BD200E303D9 /* Preview Assets.xcassets in Resources */,
				1B0E866E29D97BD200E303D9 /* Assets.xcassets in Resources */,
			);
			runOnlyForDeploymentPostprocessing = 0;
		};
		1B3C5B8F29E9713E00400F6B /* Resources */ = {
			isa = PBXResourcesBuildPhase;
			buildActionMask = 2147483647;
			files = (
			);
			runOnlyForDeploymentPostprocessing = 0;
		};
/* End PBXResourcesBuildPhase section */

/* Begin PBXSourcesBuildPhase section */
		1B0E866229D97BD000E303D9 /* Sources */ = {
			isa = PBXSourcesBuildPhase;
			buildActionMask = 2147483647;
			files = (
				1B3B627329DDB5B5003753AD /* MemberSwiftUIView.swift in Sources */,
				1B5F4C0829E610EC00A7050A /* CharactersSwiftUIView.swift in Sources */,
				1B6AAA5929E4AB5600DF5D28 /* GotHouseDetailSwiftUIView.swift in Sources */,
				1B5F4C0629E5FA8D00A7050A /* BookDetailSwiftUIView.swift in Sources */,
				1BEEB0A429DC5CBD009F98E0 /* HouseDetailView.swift in Sources */,
				1B6AAA5129E479CF00DF5D28 /* NavSwiftUIView.swift in Sources */,
				1B6AAA5729E48CB200DF5D28 /* GotHouse.swift in Sources */,
				1B0E866C29D97BD000E303D9 /* ContentView.swift in Sources */,
				1B3B626D29DDA215003753AD /* CharacterListView.swift in Sources */,
				1BEEB09E29DC481A009F98E0 /* HouseListView.swift in Sources */,
				1B0E866A29D97BD000E303D9 /* GotApp.swift in Sources */,
				1B3B627129DDB2F8003753AD /* BranchSwiftUIView.swift in Sources */,
				1BEEB0A229DC5629009F98E0 /* House.swift in Sources */,
				1BEEB09C29DC3355009F98E0 /* CustomButton.swift in Sources */,
				1B5F4C0229E5EDDA00A7050A /* BookModel.swift in Sources */,
				1B5F4C0A29E6889600A7050A /* CharacterModel.swift in Sources */,
				1B5F4C0429E5F35200A7050A /* BooksSwiftUIView.swift in Sources */,
				1B3B626B29DD853B003753AD /* CharacterDetailView.swift in Sources */,
				1B5F4C0C29E6894700A7050A /* GotCharacter.swift in Sources */,
				1B6AAA5329E47E9900DF5D28 /* HouseModel.swift in Sources */,
				1B3B626F29DDAE77003753AD /* ListSwiftUIView.swift in Sources */,
				1B6AAA5529E47FFC00DF5D28 /* HousesSwiftUIView.swift in Sources */,
				1B5F4C0029E5E5B000A7050A /* Book.swift in Sources */,
			);
			runOnlyForDeploymentPostprocessing = 0;
		};
		1B3C5B8D29E9713E00400F6B /* Sources */ = {
			isa = PBXSourcesBuildPhase;
			buildActionMask = 2147483647;
			files = (
				1B3C5B9B29EC155A00400F6B /* BookModel.swift in Sources */,
				1B3C5B9C29EC155F00400F6B /* CharacterModel.swift in Sources */,
				1B3C5BA029EC1E8600400F6B /* House.swift in Sources */,
				1B3C5B9F29EC19D600400F6B /* Book.swift in Sources */,
				1B3C5B9A29E972AF00400F6B /* HouseModel.swift in Sources */,
				1B3C5B9D29EC19B700400F6B /* GotHouse.swift in Sources */,
				1B3C5B9E29EC19CD00400F6B /* GotCharacter.swift in Sources */,
				1B3C5B9429E9713E00400F6B /* GotTests.swift in Sources */,
			);
			runOnlyForDeploymentPostprocessing = 0;
		};
/* End PBXSourcesBuildPhase section */

/* Begin PBXTargetDependency section */
		1B3C5B9629E9713E00400F6B /* PBXTargetDependency */ = {
			isa = PBXTargetDependency;
			target = 1B0E866529D97BD000E303D9 /* Got */;
			targetProxy = 1B3C5B9529E9713E00400F6B /* PBXContainerItemProxy */;
		};
/* End PBXTargetDependency section */

/* Begin XCBuildConfiguration section */
		1B0E867229D97BD200E303D9 /* Debug */ = {
			isa = XCBuildConfiguration;
			buildSettings = {
				ALWAYS_SEARCH_USER_PATHS = NO;
				CLANG_ANALYZER_NONNULL = YES;
				CLANG_ANALYZER_NUMBER_OBJECT_CONVERSION = YES_AGGRESSIVE;
				CLANG_CXX_LANGUAGE_STANDARD = "gnu++20";
				CLANG_ENABLE_MODULES = YES;
				CLANG_ENABLE_OBJC_ARC = YES;
				CLANG_ENABLE_OBJC_WEAK = YES;
				CLANG_WARN_BLOCK_CAPTURE_AUTORELEASING = YES;
				CLANG_WARN_BOOL_CONVERSION = YES;
				CLANG_WARN_COMMA = YES;
				CLANG_WARN_CONSTANT_CONVERSION = YES;
				CLANG_WARN_DEPRECATED_OBJC_IMPLEMENTATIONS = YES;
				CLANG_WARN_DIRECT_OBJC_ISA_USAGE = YES_ERROR;
				CLANG_WARN_DOCUMENTATION_COMMENTS = YES;
				CLANG_WARN_EMPTY_BODY = YES;
				CLANG_WARN_ENUM_CONVERSION = YES;
				CLANG_WARN_INFINITE_RECURSION = YES;
				CLANG_WARN_INT_CONVERSION = YES;
				CLANG_WARN_NON_LITERAL_NULL_CONVERSION = YES;
				CLANG_WARN_OBJC_IMPLICIT_RETAIN_SELF = YES;
				CLANG_WARN_OBJC_LITERAL_CONVERSION = YES;
				CLANG_WARN_OBJC_ROOT_CLASS = YES_ERROR;
				CLANG_WARN_QUOTED_INCLUDE_IN_FRAMEWORK_HEADER = YES;
				CLANG_WARN_RANGE_LOOP_ANALYSIS = YES;
				CLANG_WARN_STRICT_PROTOTYPES = YES;
				CLANG_WARN_SUSPICIOUS_MOVE = YES;
				CLANG_WARN_UNGUARDED_AVAILABILITY = YES_AGGRESSIVE;
				CLANG_WARN_UNREACHABLE_CODE = YES;
				CLANG_WARN__DUPLICATE_METHOD_MATCH = YES;
				COPY_PHASE_STRIP = NO;
				DEBUG_INFORMATION_FORMAT = dwarf;
				ENABLE_STRICT_OBJC_MSGSEND = YES;
				ENABLE_TESTABILITY = YES;
				GCC_C_LANGUAGE_STANDARD = gnu11;
				GCC_DYNAMIC_NO_PIC = NO;
				GCC_NO_COMMON_BLOCKS = YES;
				GCC_OPTIMIZATION_LEVEL = 0;
				GCC_PREPROCESSOR_DEFINITIONS = (
					"DEBUG=1",
					"$(inherited)",
				);
				GCC_WARN_64_TO_32_BIT_CONVERSION = YES;
				GCC_WARN_ABOUT_RETURN_TYPE = YES_ERROR;
				GCC_WARN_UNDECLARED_SELECTOR = YES;
				GCC_WARN_UNINITIALIZED_AUTOS = YES_AGGRESSIVE;
				GCC_WARN_UNUSED_FUNCTION = YES;
				GCC_WARN_UNUSED_VARIABLE = YES;
				IPHONEOS_DEPLOYMENT_TARGET = 16.2;
				MTL_ENABLE_DEBUG_INFO = INCLUDE_SOURCE;
				MTL_FAST_MATH = YES;
				ONLY_ACTIVE_ARCH = YES;
				SDKROOT = iphoneos;
				SWIFT_ACTIVE_COMPILATION_CONDITIONS = DEBUG;
				SWIFT_OPTIMIZATION_LEVEL = "-Onone";
			};
			name = Debug;
		};
		1B0E867329D97BD200E303D9 /* Release */ = {
			isa = XCBuildConfiguration;
			buildSettings = {
				ALWAYS_SEARCH_USER_PATHS = NO;
				CLANG_ANALYZER_NONNULL = YES;
				CLANG_ANALYZER_NUMBER_OBJECT_CONVERSION = YES_AGGRESSIVE;
				CLANG_CXX_LANGUAGE_STANDARD = "gnu++20";
				CLANG_ENABLE_MODULES = YES;
				CLANG_ENABLE_OBJC_ARC = YES;
				CLANG_ENABLE_OBJC_WEAK = YES;
				CLANG_WARN_BLOCK_CAPTURE_AUTORELEASING = YES;
				CLANG_WARN_BOOL_CONVERSION = YES;
				CLANG_WARN_COMMA = YES;
				CLANG_WARN_CONSTANT_CONVERSION = YES;
				CLANG_WARN_DEPRECATED_OBJC_IMPLEMENTATIONS = YES;
				CLANG_WARN_DIRECT_OBJC_ISA_USAGE = YES_ERROR;
				CLANG_WARN_DOCUMENTATION_COMMENTS = YES;
				CLANG_WARN_EMPTY_BODY = YES;
				CLANG_WARN_ENUM_CONVERSION = YES;
				CLANG_WARN_INFINITE_RECURSION = YES;
				CLANG_WARN_INT_CONVERSION = YES;
				CLANG_WARN_NON_LITERAL_NULL_CONVERSION = YES;
				CLANG_WARN_OBJC_IMPLICIT_RETAIN_SELF = YES;
				CLANG_WARN_OBJC_LITERAL_CONVERSION = YES;
				CLANG_WARN_OBJC_ROOT_CLASS = YES_ERROR;
				CLANG_WARN_QUOTED_INCLUDE_IN_FRAMEWORK_HEADER = YES;
				CLANG_WARN_RANGE_LOOP_ANALYSIS = YES;
				CLANG_WARN_STRICT_PROTOTYPES = YES;
				CLANG_WARN_SUSPICIOUS_MOVE = YES;
				CLANG_WARN_UNGUARDED_AVAILABILITY = YES_AGGRESSIVE;
				CLANG_WARN_UNREACHABLE_CODE = YES;
				CLANG_WARN__DUPLICATE_METHOD_MATCH = YES;
				COPY_PHASE_STRIP = NO;
				DEBUG_INFORMATION_FORMAT = "dwarf-with-dsym";
				ENABLE_NS_ASSERTIONS = NO;
				ENABLE_STRICT_OBJC_MSGSEND = YES;
				GCC_C_LANGUAGE_STANDARD = gnu11;
				GCC_NO_COMMON_BLOCKS = YES;
				GCC_WARN_64_TO_32_BIT_CONVERSION = YES;
				GCC_WARN_ABOUT_RETURN_TYPE = YES_ERROR;
				GCC_WARN_UNDECLARED_SELECTOR = YES;
				GCC_WARN_UNINITIALIZED_AUTOS = YES_AGGRESSIVE;
				GCC_WARN_UNUSED_FUNCTION = YES;
				GCC_WARN_UNUSED_VARIABLE = YES;
				IPHONEOS_DEPLOYMENT_TARGET = 16.2;
				MTL_ENABLE_DEBUG_INFO = NO;
				MTL_FAST_MATH = YES;
				SDKROOT = iphoneos;
				SWIFT_COMPILATION_MODE = wholemodule;
				SWIFT_OPTIMIZATION_LEVEL = "-O";
				VALIDATE_PRODUCT = YES;
			};
			name = Release;
		};
		1B0E867529D97BD200E303D9 /* Debug */ = {
			isa = XCBuildConfiguration;
			buildSettings = {
				ASSETCATALOG_COMPILER_APPICON_NAME = AppIcon;
				ASSETCATALOG_COMPILER_GLOBAL_ACCENT_COLOR_NAME = AccentColor;
				CODE_SIGN_STYLE = Automatic;
				CURRENT_PROJECT_VERSION = 1;
				DEVELOPMENT_ASSET_PATHS = "\"Got/Preview Content\"";
				DEVELOPMENT_TEAM = A9Y33D7N3A;
				ENABLE_PREVIEWS = YES;
				GENERATE_INFOPLIST_FILE = YES;
				INFOPLIST_KEY_CFBundleDisplayName = "Game of Thrones";
				INFOPLIST_KEY_UIApplicationSceneManifest_Generation = YES;
				INFOPLIST_KEY_UIApplicationSupportsIndirectInputEvents = YES;
				INFOPLIST_KEY_UILaunchScreen_Generation = YES;
				INFOPLIST_KEY_UISupportedInterfaceOrientations_iPad = "UIInterfaceOrientationPortrait UIInterfaceOrientationPortraitUpsideDown UIInterfaceOrientationLandscapeLeft UIInterfaceOrientationLandscapeRight";
				INFOPLIST_KEY_UISupportedInterfaceOrientations_iPhone = "UIInterfaceOrientationPortrait UIInterfaceOrientationLandscapeLeft UIInterfaceOrientationLandscapeRight";
				IPHONEOS_DEPLOYMENT_TARGET = 14.0;
				LD_RUNPATH_SEARCH_PATHS = (
					"$(inherited)",
					"@executable_path/Frameworks",
				);
				MARKETING_VERSION = 1.0;
				PRODUCT_BUNDLE_IDENTIFIER = MHP.Got;
				PRODUCT_NAME = "$(TARGET_NAME)";
				SWIFT_EMIT_LOC_STRINGS = YES;
				SWIFT_VERSION = 5.0;
				TARGETED_DEVICE_FAMILY = "1,2";
			};
			name = Debug;
		};
		1B0E867629D97BD200E303D9 /* Release */ = {
			isa = XCBuildConfiguration;
			buildSettings = {
				ASSETCATALOG_COMPILER_APPICON_NAME = AppIcon;
				ASSETCATALOG_COMPILER_GLOBAL_ACCENT_COLOR_NAME = AccentColor;
				CODE_SIGN_STYLE = Automatic;
				CURRENT_PROJECT_VERSION = 1;
				DEVELOPMENT_ASSET_PATHS = "\"Got/Preview Content\"";
				DEVELOPMENT_TEAM = A9Y33D7N3A;
				ENABLE_PREVIEWS = YES;
				GENERATE_INFOPLIST_FILE = YES;
				INFOPLIST_KEY_CFBundleDisplayName = "Game of Thrones";
				INFOPLIST_KEY_UIApplicationSceneManifest_Generation = YES;
				INFOPLIST_KEY_UIApplicationSupportsIndirectInputEvents = YES;
				INFOPLIST_KEY_UILaunchScreen_Generation = YES;
				INFOPLIST_KEY_UISupportedInterfaceOrientations_iPad = "UIInterfaceOrientationPortrait UIInterfaceOrientationPortraitUpsideDown UIInterfaceOrientationLandscapeLeft UIInterfaceOrientationLandscapeRight";
				INFOPLIST_KEY_UISupportedInterfaceOrientations_iPhone = "UIInterfaceOrientationPortrait UIInterfaceOrientationLandscapeLeft UIInterfaceOrientationLandscapeRight";
				IPHONEOS_DEPLOYMENT_TARGET = 14.0;
				LD_RUNPATH_SEARCH_PATHS = (
					"$(inherited)",
					"@executable_path/Frameworks",
				);
				MARKETING_VERSION = 1.0;
				PRODUCT_BUNDLE_IDENTIFIER = MHP.Got;
				PRODUCT_NAME = "$(TARGET_NAME)";
				SWIFT_EMIT_LOC_STRINGS = YES;
				SWIFT_VERSION = 5.0;
				TARGETED_DEVICE_FAMILY = "1,2";
			};
			name = Release;
		};
		1B3C5B9729E9713E00400F6B /* Debug */ = {
			isa = XCBuildConfiguration;
			buildSettings = {
				BUNDLE_LOADER = "$(TEST_HOST)";
				CODE_SIGN_STYLE = Automatic;
				CURRENT_PROJECT_VERSION = 1;
				DEVELOPMENT_TEAM = A9Y33D7N3A;
				GENERATE_INFOPLIST_FILE = YES;
				MARKETING_VERSION = 1.0;
				PRODUCT_BUNDLE_IDENTIFIER = MHP.GotTests;
				PRODUCT_NAME = "$(TARGET_NAME)";
				SWIFT_EMIT_LOC_STRINGS = NO;
				SWIFT_VERSION = 5.0;
				TARGETED_DEVICE_FAMILY = "1,2";
				TEST_HOST = "$(BUILT_PRODUCTS_DIR)/Got.app/$(BUNDLE_EXECUTABLE_FOLDER_PATH)/Got";
			};
			name = Debug;
		};
		1B3C5B9829E9713E00400F6B /* Release */ = {
			isa = XCBuildConfiguration;
			buildSettings = {
				BUNDLE_LOADER = "$(TEST_HOST)";
				CODE_SIGN_STYLE = Automatic;
				CURRENT_PROJECT_VERSION = 1;
				DEVELOPMENT_TEAM = A9Y33D7N3A;
				GENERATE_INFOPLIST_FILE = YES;
				MARKETING_VERSION = 1.0;
				PRODUCT_BUNDLE_IDENTIFIER = MHP.GotTests;
				PRODUCT_NAME = "$(TARGET_NAME)";
				SWIFT_EMIT_LOC_STRINGS = NO;
				SWIFT_VERSION = 5.0;
				TARGETED_DEVICE_FAMILY = "1,2";
				TEST_HOST = "$(BUILT_PRODUCTS_DIR)/Got.app/$(BUNDLE_EXECUTABLE_FOLDER_PATH)/Got";
			};
			name = Release;
		};
/* End XCBuildConfiguration section */

/* Begin XCConfigurationList section */
		1B0E866129D97BD000E303D9 /* Build configuration list for PBXProject "Got" */ = {
			isa = XCConfigurationList;
			buildConfigurations = (
				1B0E867229D97BD200E303D9 /* Debug */,
				1B0E867329D97BD200E303D9 /* Release */,
			);
			defaultConfigurationIsVisible = 0;
			defaultConfigurationName = Release;
		};
		1B0E867429D97BD200E303D9 /* Build configuration list for PBXNativeTarget "Got" */ = {
			isa = XCConfigurationList;
			buildConfigurations = (
				1B0E867529D97BD200E303D9 /* Debug */,
				1B0E867629D97BD200E303D9 /* Release */,
			);
			defaultConfigurationIsVisible = 0;
			defaultConfigurationName = Release;
		};
		1B3C5B9929E9713E00400F6B /* Build configuration list for PBXNativeTarget "GotTests" */ = {
			isa = XCConfigurationList;
			buildConfigurations = (
				1B3C5B9729E9713E00400F6B /* Debug */,
				1B3C5B9829E9713E00400F6B /* Release */,
			);
			defaultConfigurationIsVisible = 0;
			defaultConfigurationName = Release;
		};
/* End XCConfigurationList section */
	};
	rootObject = 1B0E865E29D97BD000E303D9 /* Project object */;
}
